
Microsoft Visual Studio Solution File, Format Version 12.00
# Visual Studio Version 17
VisualStudioVersion = 17.0.32112.339
MinimumVisualStudioVersion = 10.0.40219.1
Project("{9A19103F-16F7-4668-BE54-9A1E7A4F7556}") = "AutomationWithNETFramework", "AutomationWithNETFramework\AutomationWithNETFramework.csproj", "{B1496A54-632D-493B-B39E-96BC505690CC}"
EndProject
Global
	GlobalSection(SolutionConfigurationPlatforms) = preSolution
		Debug|Any CPU = Debug|Any CPU
		Release|Any CPU = Release|Any CPU
	EndGlobalSection
	GlobalSection(ProjectConfigurationPlatforms) = postSolution
		{B1496A54-632D-493B-B39E-96BC505690CC}.Debug|Any CPU.ActiveCfg = Debug|Any CPU
		{B1496A54-632D-493B-B39E-96BC505690CC}.Debug|Any CPU.Build.0 = Debug|Any CPU
		{B1496A54-632D-493B-B39E-96BC505690CC}.Release|Any CPU.ActiveCfg = Release|Any CPU
		{B1496A54-632D-493B-B39E-96BC505690CC}.Release|Any CPU.Build.0 = Release|Any CPU
	EndGlobalSection
	GlobalSection(SolutionProperties) = preSolution
		HideSolutionNode = FALSE
	EndGlobalSection
	GlobalSection(ExtensibilityGlobals) = postSolution
		SolutionGuid = {102021F4-9B35-49DB-BF06-F73EFED1E6D1}
	EndGlobalSection
EndGlobal
